
Microsoft Visual Studio Solution File, Format Version 12.00
# Visual Studio Version 16
VisualStudioVersion = 16.0.30523.141
MinimumVisualStudioVersion = 10.0.40219.1
Project("{FAE04EC0-301F-11D3-BF4B-00C04F79EFBC}") = "Class", "Class.csproj", "{958F8C58-CC07-4F7B-8D65-E4F732846009}"
EndProject
Global
	GlobalSection(SolutionConfigurationPlatforms) = preSolution
		Debug|Any CPU = Debug|Any CPU
		Release|Any CPU = Release|Any CPU
	EndGlobalSection
	GlobalSection(ProjectConfigurationPlatforms) = postSolution
		{958F8C58-CC07-4F7B-8D65-E4F732846009}.Debug|Any CPU.ActiveCfg = Debug|Any CPU
		{958F8C58-CC07-4F7B-8D65-E4F732846009}.Debug|Any CPU.Build.0 = Debug|Any CPU
		{958F8C58-CC07-4F7B-8D65-E4F732846009}.Release|Any CPU.ActiveCfg = Release|Any CPU
		{958F8C58-CC07-4F7B-8D65-E4F732846009}.Release|Any CPU.Build.0 = Release|Any CPU
	EndGlobalSection
	GlobalSection(SolutionProperties) = preSolution
		HideSolutionNode = FALSE
	EndGlobalSection
	GlobalSection(ExtensibilityGlobals) = postSolution
		SolutionGuid = {AC9BEED2-FFEB-4658-A9AE-A2567DF1FF1B}
	EndGlobalSection
EndGlobal
